
Microsoft Visual Studio Solution File, Format Version 12.00
# Visual Studio Version 16
VisualStudioVersion = 16.0.31005.135
MinimumVisualStudioVersion = 10.0.40219.1
Project("{9A19103F-16F7-4668-BE54-9A1E7A4F7556}") = "ConsoleApp1", "ConsoleApp1\ConsoleApp1.csproj", "{BEEF6AD0-BF6C-4F50-85AC-BD09792D2887}"
EndProject
Global
	GlobalSection(SolutionConfigurationPlatforms) = preSolution
		Debug|Any CPU = Debug|Any CPU
		Release|Any CPU = Release|Any CPU
	EndGlobalSection
	GlobalSection(ProjectConfigurationPlatforms) = postSolution
		{BEEF6AD0-BF6C-4F50-85AC-BD09792D2887}.Debug|Any CPU.ActiveCfg = Debug|Any CPU
		{BEEF6AD0-BF6C-4F50-85AC-BD09792D2887}.Debug|Any CPU.Build.0 = Debug|Any CPU
		{BEEF6AD0-BF6C-4F50-85AC-BD09792D2887}.Release|Any CPU.ActiveCfg = Release|Any CPU
		{BEEF6AD0-BF6C-4F50-85AC-BD09792D2887}.Release|Any CPU.Build.0 = Release|Any CPU
	EndGlobalSection
	GlobalSection(SolutionProperties) = preSolution
		HideSolutionNode = FALSE
	EndGlobalSection
	GlobalSection(ExtensibilityGlobals) = postSolution
		SolutionGuid = {F126C48C-F470-4FCD-BD37-FD3BE987AED2}
	EndGlobalSection
EndGlobal
